
Microsoft Visual Studio Solution File, Format Version 12.00
# Visual Studio 2015
Project("{FAE04EC0-301F-11D3-BF4B-00C04F79EFBC}") = "UnityConnect", "UnityConnect.csproj", "{22E3B385-1D43-3F94-3D04-BF61253621A3}"
EndProject
Project("{FAE04EC0-301F-11D3-BF4B-00C04F79EFBC}") = "UnityConnect.Editor", "UnityConnect.Editor.csproj", "{B3BDFCB2-E7A4-9DA8-167C-F5F86AAC0804}"
EndProject
Global
	GlobalSection(SolutionConfigurationPlatforms) = preSolution
		Debug|Any CPU = Debug|Any CPU
		Release|Any CPU = Release|Any CPU
	EndGlobalSection
	GlobalSection(ProjectConfigurationPlatforms) = postSolution
		{22E3B385-1D43-3F94-3D04-BF61253621A3}.Debug|Any CPU.ActiveCfg = Debug|Any CPU
		{22E3B385-1D43-3F94-3D04-BF61253621A3}.Debug|Any CPU.Build.0 = Debug|Any CPU
		{22E3B385-1D43-3F94-3D04-BF61253621A3}.Release|Any CPU.ActiveCfg = Release|Any CPU
		{22E3B385-1D43-3F94-3D04-BF61253621A3}.Release|Any CPU.Build.0 = Release|Any CPU
		{B3BDFCB2-E7A4-9DA8-167C-F5F86AAC0804}.Debug|Any CPU.ActiveCfg = Debug|Any CPU
		{B3BDFCB2-E7A4-9DA8-167C-F5F86AAC0804}.Debug|Any CPU.Build.0 = Debug|Any CPU
		{B3BDFCB2-E7A4-9DA8-167C-F5F86AAC0804}.Release|Any CPU.ActiveCfg = Release|Any CPU
		{B3BDFCB2-E7A4-9DA8-167C-F5F86AAC0804}.Release|Any CPU.Build.0 = Release|Any CPU
	EndGlobalSection
	GlobalSection(SolutionProperties) = preSolution
		HideSolutionNode = FALSE
	EndGlobalSection
EndGlobal
